
Microsoft Visual Studio Solution File, Format Version 12.00
# Visual Studio Version 17
VisualStudioVersion = 17.14.36908.2
MinimumVisualStudioVersion = 10.0.40219.1
Project("{8BC9CEB8-8B4A-11D0-8D11-00A0C91BC942}") = "genn", "genn\src\genn\genn\genn.vcxproj", "{A793E397-1D2F-4E81-8D10-0776A1EBA6DB}"
	ProjectSection(ProjectDependencies) = postProject
		{20B1EFDE-150B-4BF5-988F-C1299D492D5D} = {20B1EFDE-150B-4BF5-988F-C1299D492D5D}
	EndProjectSection
EndProject
Project("{8BC9CEB8-8B4A-11D0-8D11-00A0C91BC942}") = "libffi", "genn\src\genn\third_party\libffi\libffi.vcxproj", "{20B1EFDE-150B-4BF5-988F-C1299D492D5D}"
EndProject
Project("{8BC9CEB8-8B4A-11D0-8D11-00A0C91BC942}") = "soc_tests", "tests\soc\soc_tests.vcxproj", "{832F44F2-3875-4529-8381-10CC25918385}"
	ProjectSection(ProjectDependencies) = postProject
		{EF52D22C-C128-4A30-ABE2-C00ADDA02440} = {EF52D22C-C128-4A30-ABE2-C00ADDA02440}
		{EFAC73D6-02AA-4302-A9A1-F73F2757A502} = {EFAC73D6-02AA-4302-A9A1-F73F2757A502}
	EndProjectSection
EndProject
Project("{8BC9CEB8-8B4A-11D0-8D11-00A0C91BC942}") = "model", "src\model\model.vcxproj", "{CF1DE4AE-2E26-47F7-AA5A-820CFADE4532}"
EndProject
Project("{2150E333-8FDC-42A3-9474-1A3956D46DE8}") = "FeNN", "FeNN", "{02EA681E-C7D8-13C7-8484-4AC65E1B71E8}"
EndProject
Project("{8BC9CEB8-8B4A-11D0-8D11-00A0C91BC942}") = "alif", "src\fenn\alif\alif.vcxproj", "{3DF4F36C-2A7C-4E10-9704-5F4F378EFCC4}"
EndProject
Project("{8BC9CEB8-8B4A-11D0-8D11-00A0C91BC942}") = "fenn_assembler", "src\fenn\assembler\fenn_assembler.vcxproj", "{EF52D22C-C128-4A30-ABE2-C00ADDA02440}"
	ProjectSection(ProjectDependencies) = postProject
		{CD770F05-BCE1-4550-BDB0-87C804610716} = {CD770F05-BCE1-4550-BDB0-87C804610716}
		{EFAC73D6-02AA-4302-A9A1-F73F2757A502} = {EFAC73D6-02AA-4302-A9A1-F73F2757A502}
	EndProjectSection
EndProject
Project("{8BC9CEB8-8B4A-11D0-8D11-00A0C91BC942}") = "fenn_backend", "src\fenn\backend\fenn_backend.vcxproj", "{61937C8F-FB31-471A-9032-1D883A26E0EF}"
EndProject
Project("{8BC9CEB8-8B4A-11D0-8D11-00A0C91BC942}") = "blank", "src\fenn\blank\blank.vcxproj", "{A535D9A4-B311-4293-9113-FA07A9EDFA52}"
EndProject
Project("{8BC9CEB8-8B4A-11D0-8D11-00A0C91BC942}") = "fenn_common", "src\fenn\common\common.vcxproj", "{CD770F05-BCE1-4550-BDB0-87C804610716}"
	ProjectSection(ProjectDependencies) = postProject
		{EFAC73D6-02AA-4302-A9A1-F73F2757A502} = {EFAC73D6-02AA-4302-A9A1-F73F2757A502}
	EndProjectSection
EndProject
Project("{8BC9CEB8-8B4A-11D0-8D11-00A0C91BC942}") = "common", "src\common\common.vcxproj", "{EFAC73D6-02AA-4302-A9A1-F73F2757A502}"
EndProject
Project("{2150E333-8FDC-42A3-9474-1A3956D46DE8}") = "Assembly examples", "Assembly examples", "{14D4ABF2-21CE-4B64-AC60-C440EBF9B79D}"
EndProject
Project("{8BC9CEB8-8B4A-11D0-8D11-00A0C91BC942}") = "compiler_test", "src\fenn\compiler_test\compiler_test.vcxproj", "{18BBD502-873F-441D-9C0A-E22E5EB03563}"
EndProject
Project("{8BC9CEB8-8B4A-11D0-8D11-00A0C91BC942}") = "lif", "src\fenn\lif\lif.vcxproj", "{431B7A3A-E163-47D0-8FF0-C23472EB4454}"
EndProject
Project("{8BC9CEB8-8B4A-11D0-8D11-00A0C91BC942}") = "mnist", "src\fenn\mnist\mnist.vcxproj", "{021E0FA8-5233-4467-8A26-A4DA7D7A29BB}"
EndProject
Project("{8BC9CEB8-8B4A-11D0-8D11-00A0C91BC942}") = "poisson", "src\fenn\poisson\poisson.vcxproj", "{25F47033-883C-4203-BB30-9425A5E58EE5}"
EndProject
Project("{8BC9CEB8-8B4A-11D0-8D11-00A0C91BC942}") = "shd", "src\fenn\shd\shd.vcxproj", "{48CB7D34-74D7-4D8E-8C72-8467595AD70C}"
EndProject
Project("{8BC9CEB8-8B4A-11D0-8D11-00A0C91BC942}") = "sparse_spike", "src\fenn\sparse_spike\sparse_spike.vcxproj", "{7E86E0EC-F981-4C1F-8C00-1E50859649F1}"
EndProject
Project("{8BC9CEB8-8B4A-11D0-8D11-00A0C91BC942}") = "special_function_test", "src\fenn\special_function_test\special_function_test.vcxproj", "{DD4C947C-5379-444C-B24D-21AB0579A50F}"
EndProject
Project("{8BC9CEB8-8B4A-11D0-8D11-00A0C91BC942}") = "spike", "src\fenn\spike\spike.vcxproj", "{13E3112C-8409-4D39-8EF0-6C034F3A15CB}"
EndProject
Project("{8BC9CEB8-8B4A-11D0-8D11-00A0C91BC942}") = "spike_dma", "src\fenn\spike_dma\spike_dma.vcxproj", "{D658B9CA-8A92-4FF5-AB9B-51513309BE4A}"
EndProject
Project("{8BC9CEB8-8B4A-11D0-8D11-00A0C91BC942}") = "stoch_round", "src\fenn\stoch_round\stoch_round.vcxproj", "{8970E837-0630-4E52-8110-84B37131BD22}"
EndProject
Project("{8BC9CEB8-8B4A-11D0-8D11-00A0C91BC942}") = "va_benchmark", "src\fenn\va_benchmark\va_benchmark.vcxproj", "{F0C95970-4735-43A4-B5DC-C12FCDCD0970}"
	ProjectSection(ProjectDependencies) = postProject
		{695590D3-FA1D-4CD7-9B12-B03F15FC98E6} = {695590D3-FA1D-4CD7-9B12-B03F15FC98E6}
		{CD770F05-BCE1-4550-BDB0-87C804610716} = {CD770F05-BCE1-4550-BDB0-87C804610716}
		{EF52D22C-C128-4A30-ABE2-C00ADDA02440} = {EF52D22C-C128-4A30-ABE2-C00ADDA02440}
		{EFAC73D6-02AA-4302-A9A1-F73F2757A502} = {EFAC73D6-02AA-4302-A9A1-F73F2757A502}
	EndProjectSection
EndProject
Project("{8BC9CEB8-8B4A-11D0-8D11-00A0C91BC942}") = "fenn_compiler", "src\fenn\compiler\fenn_compiler.vcxproj", "{93B2AE21-58E7-4E43-A5B8-63D33E59A242}"
	ProjectSection(ProjectDependencies) = postProject
		{EF52D22C-C128-4A30-ABE2-C00ADDA02440} = {EF52D22C-C128-4A30-ABE2-C00ADDA02440}
	EndProjectSection
EndProject
Project("{8BC9CEB8-8B4A-11D0-8D11-00A0C91BC942}") = "fenn_ise", "src\fenn\ise\fenn_ise.vcxproj", "{695590D3-FA1D-4CD7-9B12-B03F15FC98E6}"
EndProject
Project("{8BC9CEB8-8B4A-11D0-8D11-00A0C91BC942}") = "fenn_disassembler", "src\fenn\disassembler\fenn_disassembler.vcxproj", "{0C12A6C5-7ED9-409A-9019-C8219DEF666A}"
	ProjectSection(ProjectDependencies) = postProject
		{CD770F05-BCE1-4550-BDB0-87C804610716} = {CD770F05-BCE1-4550-BDB0-87C804610716}
	EndProjectSection
EndProject
Project("{8BC9CEB8-8B4A-11D0-8D11-00A0C91BC942}") = "fenn_disassembler_cli", "src\fenn\disassembler_cli\fenn_disassembler_cli.vcxproj", "{4C583405-19F4-44D8-B88F-AC0CB66D9C1D}"
	ProjectSection(ProjectDependencies) = postProject
		{0C12A6C5-7ED9-409A-9019-C8219DEF666A} = {0C12A6C5-7ED9-409A-9019-C8219DEF666A}
	EndProjectSection
EndProject
Global
	GlobalSection(SolutionConfigurationPlatforms) = preSolution
		Debug_DLL|x64 = Debug_DLL|x64
		Debug|x64 = Debug|x64
		Release_DLL|x64 = Release_DLL|x64
		Release|x64 = Release|x64
	EndGlobalSection
	GlobalSection(ProjectConfigurationPlatforms) = postSolution
		{A793E397-1D2F-4E81-8D10-0776A1EBA6DB}.Debug_DLL|x64.ActiveCfg = Debug_DLL|x64
		{A793E397-1D2F-4E81-8D10-0776A1EBA6DB}.Debug_DLL|x64.Build.0 = Debug_DLL|x64
		{A793E397-1D2F-4E81-8D10-0776A1EBA6DB}.Debug|x64.ActiveCfg = Debug|x64
		{A793E397-1D2F-4E81-8D10-0776A1EBA6DB}.Debug|x64.Build.0 = Debug|x64
		{A793E397-1D2F-4E81-8D10-0776A1EBA6DB}.Release_DLL|x64.ActiveCfg = Release_DLL|x64
		{A793E397-1D2F-4E81-8D10-0776A1EBA6DB}.Release_DLL|x64.Build.0 = Release_DLL|x64
		{A793E397-1D2F-4E81-8D10-0776A1EBA6DB}.Release|x64.ActiveCfg = Release|x64
		{A793E397-1D2F-4E81-8D10-0776A1EBA6DB}.Release|x64.Build.0 = Release|x64
		{20B1EFDE-150B-4BF5-988F-C1299D492D5D}.Debug_DLL|x64.ActiveCfg = Debug_DLL|x64
		{20B1EFDE-150B-4BF5-988F-C1299D492D5D}.Debug_DLL|x64.Build.0 = Debug_DLL|x64
		{20B1EFDE-150B-4BF5-988F-C1299D492D5D}.Debug|x64.ActiveCfg = Debug|x64
		{20B1EFDE-150B-4BF5-988F-C1299D492D5D}.Debug|x64.Build.0 = Debug|x64
		{20B1EFDE-150B-4BF5-988F-C1299D492D5D}.Release_DLL|x64.ActiveCfg = Release_DLL|x64
		{20B1EFDE-150B-4BF5-988F-C1299D492D5D}.Release_DLL|x64.Build.0 = Release_DLL|x64
		{20B1EFDE-150B-4BF5-988F-C1299D492D5D}.Release|x64.ActiveCfg = Release|x64
		{20B1EFDE-150B-4BF5-988F-C1299D492D5D}.Release|x64.Build.0 = Release|x64
		{832F44F2-3875-4529-8381-10CC25918385}.Debug_DLL|x64.ActiveCfg = Debug|x64
		{832F44F2-3875-4529-8381-10CC25918385}.Debug_DLL|x64.Build.0 = Debug|x64
		{832F44F2-3875-4529-8381-10CC25918385}.Debug|x64.ActiveCfg = Debug|x64
		{832F44F2-3875-4529-8381-10CC25918385}.Debug|x64.Build.0 = Debug|x64
		{832F44F2-3875-4529-8381-10CC25918385}.Release_DLL|x64.ActiveCfg = Release|x64
		{832F44F2-3875-4529-8381-10CC25918385}.Release_DLL|x64.Build.0 = Release|x64
		{832F44F2-3875-4529-8381-10CC25918385}.Release|x64.ActiveCfg = Release|x64
		{832F44F2-3875-4529-8381-10CC25918385}.Release|x64.Build.0 = Release|x64
		{CF1DE4AE-2E26-47F7-AA5A-820CFADE4532}.Debug_DLL|x64.ActiveCfg = Debug_DLL|x64
		{CF1DE4AE-2E26-47F7-AA5A-820CFADE4532}.Debug_DLL|x64.Build.0 = Debug_DLL|x64
		{CF1DE4AE-2E26-47F7-AA5A-820CFADE4532}.Debug|x64.ActiveCfg = Debug|x64
		{CF1DE4AE-2E26-47F7-AA5A-820CFADE4532}.Debug|x64.Build.0 = Debug|x64
		{CF1DE4AE-2E26-47F7-AA5A-820CFADE4532}.Release_DLL|x64.ActiveCfg = Release_DLL|x64
		{CF1DE4AE-2E26-47F7-AA5A-820CFADE4532}.Release_DLL|x64.Build.0 = Release_DLL|x64
		{CF1DE4AE-2E26-47F7-AA5A-820CFADE4532}.Release|x64.ActiveCfg = Release|x64
		{CF1DE4AE-2E26-47F7-AA5A-820CFADE4532}.Release|x64.Build.0 = Release|x64
		{3DF4F36C-2A7C-4E10-9704-5F4F378EFCC4}.Debug_DLL|x64.ActiveCfg = Debug|x64
		{3DF4F36C-2A7C-4E10-9704-5F4F378EFCC4}.Debug_DLL|x64.Build.0 = Debug|x64
		{3DF4F36C-2A7C-4E10-9704-5F4F378EFCC4}.Debug|x64.ActiveCfg = Debug|x64
		{3DF4F36C-2A7C-4E10-9704-5F4F378EFCC4}.Debug|x64.Build.0 = Debug|x64
		{3DF4F36C-2A7C-4E10-9704-5F4F378EFCC4}.Release_DLL|x64.ActiveCfg = Release|x64
		{3DF4F36C-2A7C-4E10-9704-5F4F378EFCC4}.Release_DLL|x64.Build.0 = Release|x64
		{3DF4F36C-2A7C-4E10-9704-5F4F378EFCC4}.Release|x64.ActiveCfg = Release|x64
		{3DF4F36C-2A7C-4E10-9704-5F4F378EFCC4}.Release|x64.Build.0 = Release|x64
		{EF52D22C-C128-4A30-ABE2-C00ADDA02440}.Debug_DLL|x64.ActiveCfg = Debug_DLL|x64
		{EF52D22C-C128-4A30-ABE2-C00ADDA02440}.Debug_DLL|x64.Build.0 = Debug_DLL|x64
		{EF52D22C-C128-4A30-ABE2-C00ADDA02440}.Debug|x64.ActiveCfg = Debug|x64
		{EF52D22C-C128-4A30-ABE2-C00ADDA02440}.Debug|x64.Build.0 = Debug|x64
		{EF52D22C-C128-4A30-ABE2-C00ADDA02440}.Release_DLL|x64.ActiveCfg = Release_DLL|x64
		{EF52D22C-C128-4A30-ABE2-C00ADDA02440}.Release_DLL|x64.Build.0 = Release_DLL|x64
		{EF52D22C-C128-4A30-ABE2-C00ADDA02440}.Release|x64.ActiveCfg = Release|x64
		{EF52D22C-C128-4A30-ABE2-C00ADDA02440}.Release|x64.Build.0 = Release|x64
		{61937C8F-FB31-471A-9032-1D883A26E0EF}.Debug_DLL|x64.ActiveCfg = Debug_DLL|x64
		{61937C8F-FB31-471A-9032-1D883A26E0EF}.Debug_DLL|x64.Build.0 = Debug_DLL|x64
		{61937C8F-FB31-471A-9032-1D883A26E0EF}.Debug|x64.ActiveCfg = Debug|x64
		{61937C8F-FB31-471A-9032-1D883A26E0EF}.Debug|x64.Build.0 = Debug|x64
		{61937C8F-FB31-471A-9032-1D883A26E0EF}.Release_DLL|x64.ActiveCfg = Release_DLL|x64
		{61937C8F-FB31-471A-9032-1D883A26E0EF}.Release_DLL|x64.Build.0 = Release_DLL|x64
		{61937C8F-FB31-471A-9032-1D883A26E0EF}.Release|x64.ActiveCfg = Release|x64
		{61937C8F-FB31-471A-9032-1D883A26E0EF}.Release|x64.Build.0 = Release|x64
		{A535D9A4-B311-4293-9113-FA07A9EDFA52}.Debug_DLL|x64.ActiveCfg = Debug|x64
		{A535D9A4-B311-4293-9113-FA07A9EDFA52}.Debug_DLL|x64.Build.0 = Debug|x64
		{A535D9A4-B311-4293-9113-FA07A9EDFA52}.Debug|x64.ActiveCfg = Debug|x64
		{A535D9A4-B311-4293-9113-FA07A9EDFA52}.Debug|x64.Build.0 = Debug|x64
		{A535D9A4-B311-4293-9113-FA07A9EDFA52}.Release_DLL|x64.ActiveCfg = Release|x64
		{A535D9A4-B311-4293-9113-FA07A9EDFA52}.Release_DLL|x64.Build.0 = Release|x64
		{A535D9A4-B311-4293-9113-FA07A9EDFA52}.Release|x64.ActiveCfg = Release|x64
		{A535D9A4-B311-4293-9113-FA07A9EDFA52}.Release|x64.Build.0 = Release|x64
		{CD770F05-BCE1-4550-BDB0-87C804610716}.Debug_DLL|x64.ActiveCfg = Debug_DLL|x64
		{CD770F05-BCE1-4550-BDB0-87C804610716}.Debug_DLL|x64.Build.0 = Debug_DLL|x64
		{CD770F05-BCE1-4550-BDB0-87C804610716}.Debug|x64.ActiveCfg = Debug|x64
		{CD770F05-BCE1-4550-BDB0-87C804610716}.Debug|x64.Build.0 = Debug|x64
		{CD770F05-BCE1-4550-BDB0-87C804610716}.Release_DLL|x64.ActiveCfg = Release_DLL|x64
		{CD770F05-BCE1-4550-BDB0-87C804610716}.Release_DLL|x64.Build.0 = Release_DLL|x64
		{CD770F05-BCE1-4550-BDB0-87C804610716}.Release|x64.ActiveCfg = Release|x64
		{CD770F05-BCE1-4550-BDB0-87C804610716}.Release|x64.Build.0 = Release|x64
		{EFAC73D6-02AA-4302-A9A1-F73F2757A502}.Debug_DLL|x64.ActiveCfg = Debug_DLL|x64
		{EFAC73D6-02AA-4302-A9A1-F73F2757A502}.Debug_DLL|x64.Build.0 = Debug_DLL|x64
		{EFAC73D6-02AA-4302-A9A1-F73F2757A502}.Debug|x64.ActiveCfg = Debug|x64
		{EFAC73D6-02AA-4302-A9A1-F73F2757A502}.Debug|x64.Build.0 = Debug|x64
		{EFAC73D6-02AA-4302-A9A1-F73F2757A502}.Release_DLL|x64.ActiveCfg = Release_DLL|x64
		{EFAC73D6-02AA-4302-A9A1-F73F2757A502}.Release_DLL|x64.Build.0 = Release_DLL|x64
		{EFAC73D6-02AA-4302-A9A1-F73F2757A502}.Release|x64.ActiveCfg = Release|x64
		{EFAC73D6-02AA-4302-A9A1-F73F2757A502}.Release|x64.Build.0 = Release|x64
		{18BBD502-873F-441D-9C0A-E22E5EB03563}.Debug_DLL|x64.ActiveCfg = Debug|x64
		{18BBD502-873F-441D-9C0A-E22E5EB03563}.Debug_DLL|x64.Build.0 = Debug|x64
		{18BBD502-873F-441D-9C0A-E22E5EB03563}.Debug|x64.ActiveCfg = Debug|x64
		{18BBD502-873F-441D-9C0A-E22E5EB03563}.Debug|x64.Build.0 = Debug|x64
		{18BBD502-873F-441D-9C0A-E22E5EB03563}.Release_DLL|x64.ActiveCfg = Release|x64
		{18BBD502-873F-441D-9C0A-E22E5EB03563}.Release_DLL|x64.Build.0 = Release|x64
		{18BBD502-873F-441D-9C0A-E22E5EB03563}.Release|x64.ActiveCfg = Release|x64
		{18BBD502-873F-441D-9C0A-E22E5EB03563}.Release|x64.Build.0 = Release|x64
		{431B7A3A-E163-47D0-8FF0-C23472EB4454}.Debug_DLL|x64.ActiveCfg = Debug|x64
		{431B7A3A-E163-47D0-8FF0-C23472EB4454}.Debug_DLL|x64.Build.0 = Debug|x64
		{431B7A3A-E163-47D0-8FF0-C23472EB4454}.Debug|x64.ActiveCfg = Debug|x64
		{431B7A3A-E163-47D0-8FF0-C23472EB4454}.Debug|x64.Build.0 = Debug|x64
		{431B7A3A-E163-47D0-8FF0-C23472EB4454}.Release_DLL|x64.ActiveCfg = Release|x64
		{431B7A3A-E163-47D0-8FF0-C23472EB4454}.Release_DLL|x64.Build.0 = Release|x64
		{431B7A3A-E163-47D0-8FF0-C23472EB4454}.Release|x64.ActiveCfg = Release|x64
		{431B7A3A-E163-47D0-8FF0-C23472EB4454}.Release|x64.Build.0 = Release|x64
		{021E0FA8-5233-4467-8A26-A4DA7D7A29BB}.Debug_DLL|x64.ActiveCfg = Debug|x64
		{021E0FA8-5233-4467-8A26-A4DA7D7A29BB}.Debug_DLL|x64.Build.0 = Debug|x64
		{021E0FA8-5233-4467-8A26-A4DA7D7A29BB}.Debug|x64.ActiveCfg = Debug|x64
		{021E0FA8-5233-4467-8A26-A4DA7D7A29BB}.Debug|x64.Build.0 = Debug|x64
		{021E0FA8-5233-4467-8A26-A4DA7D7A29BB}.Release_DLL|x64.ActiveCfg = Release|x64
		{021E0FA8-5233-4467-8A26-A4DA7D7A29BB}.Release_DLL|x64.Build.0 = Release|x64
		{021E0FA8-5233-4467-8A26-A4DA7D7A29BB}.Release|x64.ActiveCfg = Release|x64
		{021E0FA8-5233-4467-8A26-A4DA7D7A29BB}.Release|x64.Build.0 = Release|x64
		{25F47033-883C-4203-BB30-9425A5E58EE5}.Debug_DLL|x64.ActiveCfg = Debug|x64
		{25F47033-883C-4203-BB30-9425A5E58EE5}.Debug_DLL|x64.Build.0 = Debug|x64
		{25F47033-883C-4203-BB30-9425A5E58EE5}.Debug|x64.ActiveCfg = Debug|x64
		{25F47033-883C-4203-BB30-9425A5E58EE5}.Debug|x64.Build.0 = Debug|x64
		{25F47033-883C-4203-BB30-9425A5E58EE5}.Release_DLL|x64.ActiveCfg = Release|x64
		{25F47033-883C-4203-BB30-9425A5E58EE5}.Release_DLL|x64.Build.0 = Release|x64
		{25F47033-883C-4203-BB30-9425A5E58EE5}.Release|x64.ActiveCfg = Release|x64
		{25F47033-883C-4203-BB30-9425A5E58EE5}.Release|x64.Build.0 = Release|x64
		{48CB7D34-74D7-4D8E-8C72-8467595AD70C}.Debug_DLL|x64.ActiveCfg = Debug|x64
		{48CB7D34-74D7-4D8E-8C72-8467595AD70C}.Debug_DLL|x64.Build.0 = Debug|x64
		{48CB7D34-74D7-4D8E-8C72-8467595AD70C}.Debug|x64.ActiveCfg = Debug|x64
		{48CB7D34-74D7-4D8E-8C72-8467595AD70C}.Debug|x64.Build.0 = Debug|x64
		{48CB7D34-74D7-4D8E-8C72-8467595AD70C}.Release_DLL|x64.ActiveCfg = Release|x64
		{48CB7D34-74D7-4D8E-8C72-8467595AD70C}.Release_DLL|x64.Build.0 = Release|x64
		{48CB7D34-74D7-4D8E-8C72-8467595AD70C}.Release|x64.ActiveCfg = Release|x64
		{48CB7D34-74D7-4D8E-8C72-8467595AD70C}.Release|x64.Build.0 = Release|x64
		{7E86E0EC-F981-4C1F-8C00-1E50859649F1}.Debug_DLL|x64.ActiveCfg = Debug|x64
		{7E86E0EC-F981-4C1F-8C00-1E50859649F1}.Debug_DLL|x64.Build.0 = Debug|x64
		{7E86E0EC-F981-4C1F-8C00-1E50859649F1}.Debug|x64.ActiveCfg = Debug|x64
		{7E86E0EC-F981-4C1F-8C00-1E50859649F1}.Debug|x64.Build.0 = Debug|x64
		{7E86E0EC-F981-4C1F-8C00-1E50859649F1}.Release_DLL|x64.ActiveCfg = Release|x64
		{7E86E0EC-F981-4C1F-8C00-1E50859649F1}.Release_DLL|x64.Build.0 = Release|x64
		{7E86E0EC-F981-4C1F-8C00-1E50859649F1}.Release|x64.ActiveCfg = Release|x64
		{7E86E0EC-F981-4C1F-8C00-1E50859649F1}.Release|x64.Build.0 = Release|x64
		{DD4C947C-5379-444C-B24D-21AB0579A50F}.Debug_DLL|x64.ActiveCfg = Debug|x64
		{DD4C947C-5379-444C-B24D-21AB0579A50F}.Debug_DLL|x64.Build.0 = Debug|x64
		{DD4C947C-5379-444C-B24D-21AB0579A50F}.Debug|x64.ActiveCfg = Debug|x64
		{DD4C947C-5379-444C-B24D-21AB0579A50F}.Debug|x64.Build.0 = Debug|x64
		{DD4C947C-5379-444C-B24D-21AB0579A50F}.Release_DLL|x64.ActiveCfg = Release|x64
		{DD4C947C-5379-444C-B24D-21AB0579A50F}.Release_DLL|x64.Build.0 = Release|x64
		{DD4C947C-5379-444C-B24D-21AB0579A50F}.Release|x64.ActiveCfg = Release|x64
		{DD4C947C-5379-444C-B24D-21AB0579A50F}.Release|x64.Build.0 = Release|x64
		{13E3112C-8409-4D39-8EF0-6C034F3A15CB}.Debug_DLL|x64.ActiveCfg = Debug|x64
		{13E3112C-8409-4D39-8EF0-6C034F3A15CB}.Debug_DLL|x64.Build.0 = Debug|x64
		{13E3112C-8409-4D39-8EF0-6C034F3A15CB}.Debug|x64.ActiveCfg = Debug|x64
		{13E3112C-8409-4D39-8EF0-6C034F3A15CB}.Debug|x64.Build.0 = Debug|x64
		{13E3112C-8409-4D39-8EF0-6C034F3A15CB}.Release_DLL|x64.ActiveCfg = Release|x64
		{13E3112C-8409-4D39-8EF0-6C034F3A15CB}.Release_DLL|x64.Build.0 = Release|x64
		{13E3112C-8409-4D39-8EF0-6C034F3A15CB}.Release|x64.ActiveCfg = Release|x64
		{13E3112C-8409-4D39-8EF0-6C034F3A15CB}.Release|x64.Build.0 = Release|x64
		{D658B9CA-8A92-4FF5-AB9B-51513309BE4A}.Debug_DLL|x64.ActiveCfg = Debug|x64
		{D658B9CA-8A92-4FF5-AB9B-51513309BE4A}.Debug_DLL|x64.Build.0 = Debug|x64
		{D658B9CA-8A92-4FF5-AB9B-51513309BE4A}.Debug|x64.ActiveCfg = Debug|x64
		{D658B9CA-8A92-4FF5-AB9B-51513309BE4A}.Debug|x64.Build.0 = Debug|x64
		{D658B9CA-8A92-4FF5-AB9B-51513309BE4A}.Release_DLL|x64.ActiveCfg = Release|x64
		{D658B9CA-8A92-4FF5-AB9B-51513309BE4A}.Release_DLL|x64.Build.0 = Release|x64
		{D658B9CA-8A92-4FF5-AB9B-51513309BE4A}.Release|x64.ActiveCfg = Release|x64
		{D658B9CA-8A92-4FF5-AB9B-51513309BE4A}.Release|x64.Build.0 = Release|x64
		{8970E837-0630-4E52-8110-84B37131BD22}.Debug_DLL|x64.ActiveCfg = Debug|x64
		{8970E837-0630-4E52-8110-84B37131BD22}.Debug_DLL|x64.Build.0 = Debug|x64
		{8970E837-0630-4E52-8110-84B37131BD22}.Debug|x64.ActiveCfg = Debug|x64
		{8970E837-0630-4E52-8110-84B37131BD22}.Debug|x64.Build.0 = Debug|x64
		{8970E837-0630-4E52-8110-84B37131BD22}.Release_DLL|x64.ActiveCfg = Release|x64
		{8970E837-0630-4E52-8110-84B37131BD22}.Release_DLL|x64.Build.0 = Release|x64
		{8970E837-0630-4E52-8110-84B37131BD22}.Release|x64.ActiveCfg = Release|x64
		{8970E837-0630-4E52-8110-84B37131BD22}.Release|x64.Build.0 = Release|x64
		{F0C95970-4735-43A4-B5DC-C12FCDCD0970}.Debug_DLL|x64.ActiveCfg = Debug|x64
		{F0C95970-4735-43A4-B5DC-C12FCDCD0970}.Debug_DLL|x64.Build.0 = Debug|x64
		{F0C95970-4735-43A4-B5DC-C12FCDCD0970}.Debug|x64.ActiveCfg = Debug|x64
		{F0C95970-4735-43A4-B5DC-C12FCDCD0970}.Debug|x64.Build.0 = Debug|x64
		{F0C95970-4735-43A4-B5DC-C12FCDCD0970}.Release_DLL|x64.ActiveCfg = Release|x64
		{F0C95970-4735-43A4-B5DC-C12FCDCD0970}.Release_DLL|x64.Build.0 = Release|x64
		{F0C95970-4735-43A4-B5DC-C12FCDCD0970}.Release|x64.ActiveCfg = Release|x64
		{F0C95970-4735-43A4-B5DC-C12FCDCD0970}.Release|x64.Build.0 = Release|x64
		{93B2AE21-58E7-4E43-A5B8-63D33E59A242}.Debug_DLL|x64.ActiveCfg = Debug_DLL|x64
		{93B2AE21-58E7-4E43-A5B8-63D33E59A242}.Debug_DLL|x64.Build.0 = Debug_DLL|x64
		{93B2AE21-58E7-4E43-A5B8-63D33E59A242}.Debug|x64.ActiveCfg = Debug|x64
		{93B2AE21-58E7-4E43-A5B8-63D33E59A242}.Debug|x64.Build.0 = Debug|x64
		{93B2AE21-58E7-4E43-A5B8-63D33E59A242}.Release_DLL|x64.ActiveCfg = Release_DLL|x64
		{93B2AE21-58E7-4E43-A5B8-63D33E59A242}.Release_DLL|x64.Build.0 = Release_DLL|x64
		{93B2AE21-58E7-4E43-A5B8-63D33E59A242}.Release|x64.ActiveCfg = Release|x64
		{93B2AE21-58E7-4E43-A5B8-63D33E59A242}.Release|x64.Build.0 = Release|x64
		{695590D3-FA1D-4CD7-9B12-B03F15FC98E6}.Debug_DLL|x64.ActiveCfg = Debug_DLL|x64
		{695590D3-FA1D-4CD7-9B12-B03F15FC98E6}.Debug_DLL|x64.Build.0 = Debug_DLL|x64
		{695590D3-FA1D-4CD7-9B12-B03F15FC98E6}.Debug|x64.ActiveCfg = Debug|x64
		{695590D3-FA1D-4CD7-9B12-B03F15FC98E6}.Debug|x64.Build.0 = Debug|x64
		{695590D3-FA1D-4CD7-9B12-B03F15FC98E6}.Release_DLL|x64.ActiveCfg = Release_DLL|x64
		{695590D3-FA1D-4CD7-9B12-B03F15FC98E6}.Release_DLL|x64.Build.0 = Release_DLL|x64
		{695590D3-FA1D-4CD7-9B12-B03F15FC98E6}.Release|x64.ActiveCfg = Release|x64
		{695590D3-FA1D-4CD7-9B12-B03F15FC98E6}.Release|x64.Build.0 = Release|x64
		{0C12A6C5-7ED9-409A-9019-C8219DEF666A}.Debug_DLL|x64.ActiveCfg = Debug_DLL|x64
		{0C12A6C5-7ED9-409A-9019-C8219DEF666A}.Debug_DLL|x64.Build.0 = Debug_DLL|x64
		{0C12A6C5-7ED9-409A-9019-C8219DEF666A}.Debug|x64.ActiveCfg = Debug|x64
		{0C12A6C5-7ED9-409A-9019-C8219DEF666A}.Debug|x64.Build.0 = Debug|x64
		{0C12A6C5-7ED9-409A-9019-C8219DEF666A}.Release_DLL|x64.ActiveCfg = Release_DLL|x64
		{0C12A6C5-7ED9-409A-9019-C8219DEF666A}.Release_DLL|x64.Build.0 = Release_DLL|x64
		{0C12A6C5-7ED9-409A-9019-C8219DEF666A}.Release|x64.ActiveCfg = Release|x64
		{0C12A6C5-7ED9-409A-9019-C8219DEF666A}.Release|x64.Build.0 = Release|x64
		{4C583405-19F4-44D8-B88F-AC0CB66D9C1D}.Debug_DLL|x64.ActiveCfg = Debug|x64
		{4C583405-19F4-44D8-B88F-AC0CB66D9C1D}.Debug_DLL|x64.Build.0 = Debug|x64
		{4C583405-19F4-44D8-B88F-AC0CB66D9C1D}.Debug|x64.ActiveCfg = Debug|x64
		{4C583405-19F4-44D8-B88F-AC0CB66D9C1D}.Debug|x64.Build.0 = Debug|x64
		{4C583405-19F4-44D8-B88F-AC0CB66D9C1D}.Release_DLL|x64.ActiveCfg = Release|x64
		{4C583405-19F4-44D8-B88F-AC0CB66D9C1D}.Release_DLL|x64.Build.0 = Release|x64
		{4C583405-19F4-44D8-B88F-AC0CB66D9C1D}.Release|x64.ActiveCfg = Release|x64
		{4C583405-19F4-44D8-B88F-AC0CB66D9C1D}.Release|x64.Build.0 = Release|x64
	EndGlobalSection
	GlobalSection(SolutionProperties) = preSolution
		HideSolutionNode = FALSE
	EndGlobalSection
	GlobalSection(NestedProjects) = preSolution
		{3DF4F36C-2A7C-4E10-9704-5F4F378EFCC4} = {14D4ABF2-21CE-4B64-AC60-C440EBF9B79D}
		{EF52D22C-C128-4A30-ABE2-C00ADDA02440} = {02EA681E-C7D8-13C7-8484-4AC65E1B71E8}
		{61937C8F-FB31-471A-9032-1D883A26E0EF} = {02EA681E-C7D8-13C7-8484-4AC65E1B71E8}
		{A535D9A4-B311-4293-9113-FA07A9EDFA52} = {14D4ABF2-21CE-4B64-AC60-C440EBF9B79D}
		{CD770F05-BCE1-4550-BDB0-87C804610716} = {02EA681E-C7D8-13C7-8484-4AC65E1B71E8}
		{14D4ABF2-21CE-4B64-AC60-C440EBF9B79D} = {02EA681E-C7D8-13C7-8484-4AC65E1B71E8}
		{18BBD502-873F-441D-9C0A-E22E5EB03563} = {14D4ABF2-21CE-4B64-AC60-C440EBF9B79D}
		{431B7A3A-E163-47D0-8FF0-C23472EB4454} = {14D4ABF2-21CE-4B64-AC60-C440EBF9B79D}
		{021E0FA8-5233-4467-8A26-A4DA7D7A29BB} = {14D4ABF2-21CE-4B64-AC60-C440EBF9B79D}
		{25F47033-883C-4203-BB30-9425A5E58EE5} = {14D4ABF2-21CE-4B64-AC60-C440EBF9B79D}
		{48CB7D34-74D7-4D8E-8C72-8467595AD70C} = {14D4ABF2-21CE-4B64-AC60-C440EBF9B79D}
		{7E86E0EC-F981-4C1F-8C00-1E50859649F1} = {14D4ABF2-21CE-4B64-AC60-C440EBF9B79D}
		{DD4C947C-5379-444C-B24D-21AB0579A50F} = {14D4ABF2-21CE-4B64-AC60-C440EBF9B79D}
		{13E3112C-8409-4D39-8EF0-6C034F3A15CB} = {14D4ABF2-21CE-4B64-AC60-C440EBF9B79D}
		{D658B9CA-8A92-4FF5-AB9B-51513309BE4A} = {14D4ABF2-21CE-4B64-AC60-C440EBF9B79D}
		{8970E837-0630-4E52-8110-84B37131BD22} = {14D4ABF2-21CE-4B64-AC60-C440EBF9B79D}
		{F0C95970-4735-43A4-B5DC-C12FCDCD0970} = {14D4ABF2-21CE-4B64-AC60-C440EBF9B79D}
		{93B2AE21-58E7-4E43-A5B8-63D33E59A242} = {02EA681E-C7D8-13C7-8484-4AC65E1B71E8}
		{695590D3-FA1D-4CD7-9B12-B03F15FC98E6} = {02EA681E-C7D8-13C7-8484-4AC65E1B71E8}
		{0C12A6C5-7ED9-409A-9019-C8219DEF666A} = {02EA681E-C7D8-13C7-8484-4AC65E1B71E8}
		{4C583405-19F4-44D8-B88F-AC0CB66D9C1D} = {02EA681E-C7D8-13C7-8484-4AC65E1B71E8}
	EndGlobalSection
	GlobalSection(ExtensibilityGlobals) = postSolution
		SolutionGuid = {2B4ECBE5-ECE1-4826-B64F-3FDFFCE2AB4E}
	EndGlobalSection
EndGlobal
