<?xml version="1.0" encoding="utf-8"?>
<Project ToolsVersion="4.0" xmlns="http://schemas.microsoft.com/developer/msbuild/2003">
  <ItemGroup>
    <Filter Include="Source Files">
      <UniqueIdentifier>{D821DE2A-54CF-45C1-BB3B-4F84FDD8327B}</UniqueIdentifier>
      <Extensions>cpp;c;cc;cxx;c++;cppm;ixx;def;odl;idl;hpj;bat;asm;asmx</Extensions>
    </Filter>
    <Filter Include="Header Files">
      <UniqueIdentifier>{7269285A-C1A5-428C-9416-9E7FFBB4169C}</UniqueIdentifier>
      <Extensions>h;hh;hpp;hxx;h++;hm;inl;inc;ipp;xsd</Extensions>
    </Filter>
  </ItemGroup>
  <ItemGroup>
    <ClCompile Include="$(GTEST_DIR)\src\gtest-all.cc">
      <Filter>Source Files</Filter>
    </ClCompile>
    <ClCompile Include="add-01.cc">
      <Filter>Source Files</Filter>
    </ClCompile>
    <ClCompile Include="addi-01.cc">
      <Filter>Source Files</Filter>
    </ClCompile>
    <ClCompile Include="and-01.cc">
      <Filter>Source Files</Filter>
    </ClCompile>
    <ClCompile Include="andi-01.cc">
      <Filter>Source Files</Filter>
    </ClCompile>
    <ClCompile Include="lui-01.cc">
      <Filter>Source Files</Filter>
    </ClCompile>
    <ClCompile Include="lw-align-01.cc">
      <Filter>Source Files</Filter>
    </ClCompile>
    <ClCompile Include="or-01.cc">
      <Filter>Source Files</Filter>
    </ClCompile>
    <ClCompile Include="ori-01.cc">
      <Filter>Source Files</Filter>
    </ClCompile>
    <ClCompile Include="sll-01.cc">
      <Filter>Source Files</Filter>
    </ClCompile>
    <ClCompile Include="slli-01.cc">
      <Filter>Source Files</Filter>
    </ClCompile>
    <ClCompile Include="slt-01.cc">
      <Filter>Source Files</Filter>
    </ClCompile>
    <ClCompile Include="slti-01.cc">
      <Filter>Source Files</Filter>
    </ClCompile>
    <ClCompile Include="sltiu-01.cc">
      <Filter>Source Files</Filter>
    </ClCompile>
    <ClCompile Include="sltu-01.cc">
      <Filter>Source Files</Filter>
    </ClCompile>
    <ClCompile Include="sra-01.cc">
      <Filter>Source Files</Filter>
    </ClCompile>
    <ClCompile Include="srai-01.cc">
      <Filter>Source Files</Filter>
    </ClCompile>
    <ClCompile Include="srli-01.cc">
      <Filter>Source Files</Filter>
    </ClCompile>
    <ClCompile Include="sub-01.cc">
      <Filter>Source Files</Filter>
    </ClCompile>
    <ClCompile Include="xor-01.cc">
      <Filter>Source Files</Filter>
    </ClCompile>
    <ClCompile Include="xori-01.cc">
      <Filter>Source Files</Filter>
    </ClCompile>
    <ClCompile Include="$(GTEST_DIR)\src\gtest_main.cc">
      <Filter>Source Files</Filter>
    </ClCompile>
    <ClCompile Include="bne-01.cc">
      <Filter>Source Files</Filter>
    </ClCompile>
  </ItemGroup>
</Project>