<?xml version="1.0" encoding="utf-8"?>
<Project ToolsVersion="4.0" xmlns="http://schemas.microsoft.com/developer/msbuild/2003">
  <ItemGroup>
    <Filter Include="Source Files">
      <UniqueIdentifier>{87DAE2FC-3C0B-4FBB-B7CD-AC14E612C4B5}</UniqueIdentifier>
      <Extensions>cpp;c;cc;cxx;c++;cppm;ixx;def;odl;idl;hpj;bat;asm;asmx</Extensions>
    </Filter>
    <Filter Include="Header Files">
      <UniqueIdentifier>{916D4DAE-C476-4200-91A1-CCDF06105534}</UniqueIdentifier>
      <Extensions>h;hh;hpp;hxx;h++;hm;inl;inc;ipp;xsd</Extensions>
    </Filter>
  </ItemGroup>
  <ItemGroup>
    <ClCompile Include="scanner.cc">
      <Filter>Source Files</Filter>
    </ClCompile>
    <ClCompile Include="type.cc">
      <Filter>Source Files</Filter>
    </ClCompile>
    <ClCompile Include="type_checker.cc">
      <Filter>Source Files</Filter>
    </ClCompile>
    <ClCompile Include="error_handler.cc">
      <Filter>Source Files</Filter>
    </ClCompile>
    <ClCompile Include="parser.cc">
      <Filter>Source Files</Filter>
    </ClCompile>
  </ItemGroup>
  <ItemGroup>
    <ClInclude Include="..\..\include\compiler_frontend\type_checker.h">
      <Filter>Header Files</Filter>
    </ClInclude>
    <ClInclude Include="..\..\include\compiler_frontend\compiler_frontend_export.h">
      <Filter>Header Files</Filter>
    </ClInclude>
    <ClInclude Include="..\..\include\compiler_frontend\error_handler.h">
      <Filter>Header Files</Filter>
    </ClInclude>
    <ClInclude Include="..\..\include\compiler_frontend\expression.h">
      <Filter>Header Files</Filter>
    </ClInclude>
    <ClInclude Include="..\..\include\compiler_frontend\parser.h">
      <Filter>Header Files</Filter>
    </ClInclude>
    <ClInclude Include="..\..\include\compiler_frontend\scanner.h">
      <Filter>Header Files</Filter>
    </ClInclude>
    <ClInclude Include="..\..\include\compiler_frontend\statement.h">
      <Filter>Header Files</Filter>
    </ClInclude>
    <ClInclude Include="..\..\include\compiler_frontend\token.h">
      <Filter>Header Files</Filter>
    </ClInclude>
    <ClInclude Include="..\..\include\compiler_frontend\type.h">
      <Filter>Header Files</Filter>
    </ClInclude>
  </ItemGroup>
</Project>