<?xml version="1.0" encoding="utf-8"?>
<Project ToolsVersion="4.0" xmlns="http://schemas.microsoft.com/developer/msbuild/2003">
  <ItemGroup>
    <Filter Include="Source Files">
      <UniqueIdentifier>{2800651D-B452-468D-BA94-93FE0D983A65}</UniqueIdentifier>
      <Extensions>cpp;c;cc;cxx;c++;cppm;ixx;def;odl;idl;hpj;bat;asm;asmx</Extensions>
    </Filter>
    <Filter Include="Header Files">
      <UniqueIdentifier>{6D666ED5-4039-4335-A6DF-91A925030A79}</UniqueIdentifier>
      <Extensions>h;hh;hpp;hxx;h++;hm;inl;inc;ipp;xsd</Extensions>
    </Filter>
  </ItemGroup>
  <ItemGroup>
    <ClCompile Include="app_utils.cc">
      <Filter>Source Files</Filter>
    </ClCompile>
    <ClCompile Include="device.cc">
      <Filter>Source Files</Filter>
    </ClCompile>
    <ClCompile Include="isa.cc">
      <Filter>Source Files</Filter>
    </ClCompile>
    <ClCompile Include="dma_buffer.cc">
      <Filter>Source Files</Filter>
    </ClCompile>
    <ClCompile Include="dma_controller.cc">
      <Filter>Source Files</Filter>
    </ClCompile>
    <ClCompile Include="uio.cc">
      <Filter>Source Files</Filter>
    </ClCompile>
    <ClCompile Include="logging.cc">
      <Filter>Source Files</Filter>
    </ClCompile>
    <ClCompile Include="mipi_csi2_receiver.cc">
      <Filter>Source Files</Filter>
    </ClCompile>
    <ClCompile Include="genx_320.cc">
      <Filter>Source Files</Filter>
    </ClCompile>
    <ClCompile Include="i2c_interface.cc">
      <Filter>Source Files</Filter>
    </ClCompile>
    <ClCompile Include="device_control.cc">
      <Filter>Source Files</Filter>
    </ClCompile>
  </ItemGroup>
  <ItemGroup>
    <ClInclude Include="..\..\..\include\fenn\common\app_utils.h">
      <Filter>Header Files</Filter>
    </ClInclude>
    <ClInclude Include="..\..\..\include\fenn\common\device.h">
      <Filter>Header Files</Filter>
    </ClInclude>
    <ClInclude Include="..\..\..\include\fenn\common\dma_buffer.h">
      <Filter>Header Files</Filter>
    </ClInclude>
    <ClInclude Include="..\..\..\include\fenn\common\dma_controller.h">
      <Filter>Header Files</Filter>
    </ClInclude>
    <ClInclude Include="..\..\..\include\fenn\common\fenn_common_export.h">
      <Filter>Header Files</Filter>
    </ClInclude>
    <ClInclude Include="..\..\..\include\fenn\common\isa.h">
      <Filter>Header Files</Filter>
    </ClInclude>
    <ClInclude Include="..\..\..\include\fenn\common\u-dma-buf-ioctl.h">
      <Filter>Header Files</Filter>
    </ClInclude>
    <ClInclude Include="..\..\..\include\fenn\common\uio.h">
      <Filter>Header Files</Filter>
    </ClInclude>
    <ClInclude Include="..\..\..\include\fenn\common\logging.h">
      <Filter>Header Files</Filter>
    </ClInclude>
    <ClInclude Include="..\..\..\include\fenn\common\mipi_csi2_receiver.h">
      <Filter>Header Files</Filter>
    </ClInclude>
    <ClInclude Include="..\..\..\include\fenn\common\genx_320.h">
      <Filter>Header Files</Filter>
    </ClInclude>
    <ClInclude Include="..\..\..\include\fenn\common\genx320_bias.h">
      <Filter>Header Files</Filter>
    </ClInclude>
    <ClInclude Include="..\..\..\include\fenn\common\genx320_reg.h">
      <Filter>Header Files</Filter>
    </ClInclude>
    <ClInclude Include="..\..\..\include\fenn\common\i2c_interface.h">
      <Filter>Header Files</Filter>
    </ClInclude>
    <ClInclude Include="..\..\..\include\fenn\common\device_control.h">
      <Filter>Header Files</Filter>
    </ClInclude>
  </ItemGroup>
</Project>