<?xml version="1.0" encoding="utf-8"?>
<Project ToolsVersion="4.0" xmlns="http://schemas.microsoft.com/developer/msbuild/2003">
  <ItemGroup>
    <Filter Include="Source Files">
      <UniqueIdentifier>{54272E3C-014D-41B8-97AC-0392E8EB5CED}</UniqueIdentifier>
      <Extensions>cpp;c;cc;cxx;c++;cppm;ixx;def;odl;idl;hpj;bat;asm;asmx</Extensions>
    </Filter>
    <Filter Include="Header Files">
      <UniqueIdentifier>{F46AB8C4-5B2B-420D-8D8D-1945BF89BC64}</UniqueIdentifier>
      <Extensions>h;hh;hpp;hxx;h++;hm;inl;inc;ipp;xsd</Extensions>
    </Filter>
  </ItemGroup>
  <ItemGroup>
    <ClCompile Include="$(GTEST_DIR)/src/gtest-all.cc">
      <Filter>Source Files</Filter>
    </ClCompile>
    <ClCompile Include="$(GTEST_DIR)/src/gtest_main.cc">
      <Filter>Source Files</Filter>
    </ClCompile>
    <ClCompile Include="compiler_frontend\parser.cc">
      <Filter>Source Files</Filter>
    </ClCompile>
    <ClCompile Include="compiler_frontend\scanner.cc">
      <Filter>Source Files</Filter>
    </ClCompile>
    <ClCompile Include="compiler_frontend\type.cc">
      <Filter>Source Files</Filter>
    </ClCompile>
    <ClCompile Include="compiler_frontend\type_checker.cc">
      <Filter>Source Files</Filter>
    </ClCompile>
    <ClCompile Include="frontend\process.cc">
      <Filter>Source Files</Filter>
    </ClCompile>
    <ClCompile Include="common\utils.cc">
      <Filter>Source Files</Filter>
    </ClCompile>
    <ClCompile Include="frontend\model.cc">
      <Filter>Source Files</Filter>
    </ClCompile>
  </ItemGroup>
</Project>